
Microsoft Visual Studio Solution File, Format Version 12.00
# Visual Studio Version 17
VisualStudioVersion = 17.5.002.0
MinimumVisualStudioVersion = 10.0.40219.1
Project("{2150E333-8FDC-42A3-9474-1A3956D46DE8}") = "lesson1", "lesson1", "{19BC1317-47D9-4BED-82BA-EF3AE70937D1}"
EndProject
Project("{9A19103F-16F7-4668-BE54-9A1E7A4F7556}") = "task1", "lesson1\task1\task1.csproj", "{AC86C17B-DEF7-4900-B89E-312055A8167C}"
EndProject
Global
	GlobalSection(SolutionConfigurationPlatforms) = preSolution
		Debug|Any CPU = Debug|Any CPU
		Release|Any CPU = Release|Any CPU
	EndGlobalSection
	GlobalSection(ProjectConfigurationPlatforms) = postSolution
		{AC86C17B-DEF7-4900-B89E-312055A8167C}.Debug|Any CPU.ActiveCfg = Debug|Any CPU
		{AC86C17B-DEF7-4900-B89E-312055A8167C}.Debug|Any CPU.Build.0 = Debug|Any CPU
		{AC86C17B-DEF7-4900-B89E-312055A8167C}.Release|Any CPU.ActiveCfg = Release|Any CPU
		{AC86C17B-DEF7-4900-B89E-312055A8167C}.Release|Any CPU.Build.0 = Release|Any CPU
	EndGlobalSection
	GlobalSection(SolutionProperties) = preSolution
		HideSolutionNode = FALSE
	EndGlobalSection
	GlobalSection(NestedProjects) = preSolution
		{AC86C17B-DEF7-4900-B89E-312055A8167C} = {19BC1317-47D9-4BED-82BA-EF3AE70937D1}
	EndGlobalSection
	GlobalSection(ExtensibilityGlobals) = postSolution
		SolutionGuid = {EE179242-EF31-43F3-AD14-AAD42C70E926}
	EndGlobalSection
EndGlobal
